
Microsoft Visual Studio Solution File, Format Version 12.00
# Visual Studio 15
VisualStudioVersion = 15.0.28307.136
MinimumVisualStudioVersion = 10.0.40219.1
Project("{FAE04EC0-301F-11D3-BF4B-00C04F79EFBC}") = "LabEight", "LabEight\LabEight.csproj", "{BA5F502D-391E-4FBF-B7A7-20FFCBEA2E6A}"
EndProject
Global
	GlobalSection(SolutionConfigurationPlatforms) = preSolution
		Debug|Any CPU = Debug|Any CPU
		Release|Any CPU = Release|Any CPU
	EndGlobalSection
	GlobalSection(ProjectConfigurationPlatforms) = postSolution
		{BA5F502D-391E-4FBF-B7A7-20FFCBEA2E6A}.Debug|Any CPU.ActiveCfg = Debug|Any CPU
		{BA5F502D-391E-4FBF-B7A7-20FFCBEA2E6A}.Debug|Any CPU.Build.0 = Debug|Any CPU
		{BA5F502D-391E-4FBF-B7A7-20FFCBEA2E6A}.Release|Any CPU.ActiveCfg = Release|Any CPU
		{BA5F502D-391E-4FBF-B7A7-20FFCBEA2E6A}.Release|Any CPU.Build.0 = Release|Any CPU
	EndGlobalSection
	GlobalSection(SolutionProperties) = preSolution
		HideSolutionNode = FALSE
	EndGlobalSection
	GlobalSection(ExtensibilityGlobals) = postSolution
		SolutionGuid = {4BE9A666-52B4-4445-BD69-544C75D242F7}
	EndGlobalSection
EndGlobal
